{
  "name": "ohlc-chart-simple",
  "version": "0.0.01124",
  "lockfileVersion": 1,
  "requires": true,
  "dependencies": {
    "kde-simple": {
      "version": "0.0.12",
      "resolved": "https://registry.npmjs.org/kde-simple/-/kde-simple-0.0.12.tgz",
      "integrity": "sha512-3+cyYiXgpD1154FxD6jbro/p1aiIqx37B7wowkZHaGodWcsBGEvn7/dpmfD7HG0b+2ovC9/kAHmDHRtC+xLOTA=="
    }
  }
}
