{
  "name": "icosphere-fast",
  "version": "0.0.01",
  "lockfileVersion": 3,
  "requires": true,
  "packages": {
    "": {
      "name": "icosphere-fast",
      "version": "0.0.01",
      "license": "MIT",
      "dependencies": {
        "icosphere": "^1.0.0"
      }
    },
    "node_modules/icosphere": {
      "version": "1.0.0",
      "resolved": "https://registry.npmjs.org/icosphere/-/icosphere-1.0.0.tgz",
      "integrity": "sha512-UUgOSPK2axSPG6uKrnOc302qOmJ39FkRlA7VgLPb3A0EgsNanl/S7i+8HQlKMr09ZLdnGB8G6/Lsuu0kxgdiOA==",
      "dependencies": {
        "vectors": "^0.1.0"
      }
    },
    "node_modules/vectors": {
      "version": "0.1.0",
      "resolved": "https://registry.npmjs.org/vectors/-/vectors-0.1.0.tgz",
      "integrity": "sha512-M+SJegggr8k43NppOL2WgIWZiJ+cFu6Ftc/Cv84yp1N5QepIh3kQx+snGKk/jcSbMtYoWLed1R1A2SKJqZEgsw=="
    }
  }
}
