{
  "name": "merge-boxes",
  "version": "0.0.012",
  "lockfileVersion": 1,
  "requires": true,
  "dependencies": {
    "bvh-tree-plus": {
      "version": "1.0.2",
      "resolved": "https://registry.npmjs.org/bvh-tree-plus/-/bvh-tree-plus-1.0.2.tgz",
      "integrity": "sha512-xXle5tl98zzolh5o7wEMizE5a5/rQ4dx3lp71u9yCaftuOaXaGoJfn5Z/EuPAw8YdK9yicrsaO2yty3ij+v8ZA=="
    },
    "merge-boxes": {
      "version": "0.0.12",
      "resolved": "https://registry.npmjs.org/merge-boxes/-/merge-boxes-0.0.12.tgz",
      "integrity": "sha512-i6aNnj14oMhRjGmn6jzkpsyvZMdugxIUmpKqGX4SW2GWphs/1+dqZ9spravei9mtmYNlfRAfi76wFHyUan3gsA=="
    },
    "mesh-to-voxels": {
      "version": "0.0.111",
      "resolved": "https://registry.npmjs.org/mesh-to-voxels/-/mesh-to-voxels-0.0.111.tgz",
      "integrity": "sha512-p6yZ12x60ZgvKac+aE9uQr6a6t1iPf6TDrHt04iX0SCWCyZA+ZFpV46Er2edg7ADSrXPRvdbTm0auWev0TVp2Q==",
      "requires": {
        "bvh-tree-plus": "^1.0.2",
        "merge-boxes": "0.0.12"
      }
    }
  }
}
