{
  "name": "ascii-raytracer",
  "version": "0.0.151",
  "lockfileVersion": 1,
  "requires": true,
  "dependencies": {
    "@types/node": {
      "version": "10.17.60",
      "resolved": "https://registry.npmjs.org/@types/node/-/node-10.17.60.tgz",
      "integrity": "sha512-F0KIgDJfy2nA3zMLmWGKxcH2ZVEtCZXHHdOQs2gSaQ27+lNeEfGxzkIw90aXswATX7AZ33tahPbzy6KAfUreVw=="
    },
    "@types/tape": {
      "version": "4.13.2",
      "resolved": "https://registry.npmjs.org/@types/tape/-/tape-4.13.2.tgz",
      "integrity": "sha512-V1ez/RtYRGN9cNYApw5xf27DpMkTB0033X6a2i3KUmKhSojBfbWN0i3EgZxboUG96WJLHLdOyZ01aiZwVW5aSA==",
      "requires": {
        "@types/node": "*"
      }
    },
    "pixel-scale-epx": {
      "version": "0.0.115",
      "resolved": "https://registry.npmjs.org/pixel-scale-epx/-/pixel-scale-epx-0.0.115.tgz",
      "integrity": "sha512-txMMOTNVSQ+pk+YQ/BoYDPk96TfofbbWGJBz6qI1C2igCP92DnLgmOTthNA5m8ZCYVxGgHsbVjIHlTb8yo2Dcg=="
    },
    "quickselect": {
      "version": "1.1.1",
      "resolved": "https://registry.npmjs.org/quickselect/-/quickselect-1.1.1.tgz",
      "integrity": "sha512-qN0Gqdw4c4KGPsBOQafj6yj/PA6c/L63f6CaZ/DCF/xF4Esu3jVmKLUDYxghFx8Kb/O7y9tI7x2RjTSXwdK1iQ=="
    },
    "raycasting-utils": {
      "version": "0.0.16",
      "resolved": "https://registry.npmjs.org/raycasting-utils/-/raycasting-utils-0.0.16.tgz",
      "integrity": "sha512-zkzNDu4EpsezZgL12WxH8+9u2CVF9b3h5cO8tgjBtBQWZH3uzD5hngE1cJDBGiaMskyhATD0FQaH1r/Qj1ccAA==",
      "requires": {
        "bvh-tree-plus": "^1.0.2",
        "rbush-3d": "0.0.4"
      },
      "dependencies": {
        "bvh-tree-plus": {
          "version": "1.0.2",
          "resolved": "https://registry.npmjs.org/bvh-tree-plus/-/bvh-tree-plus-1.0.2.tgz",
          "integrity": "sha512-xXle5tl98zzolh5o7wEMizE5a5/rQ4dx3lp71u9yCaftuOaXaGoJfn5Z/EuPAw8YdK9yicrsaO2yty3ij+v8ZA=="
        },
        "rbush-3d": {
          "version": "0.0.4",
          "resolved": "https://registry.npmjs.org/rbush-3d/-/rbush-3d-0.0.4.tgz",
          "integrity": "sha512-s02wJ4Oawn3xdfIUN1hO+dhIcI3zL4vFs+yTlFn/U1jpHh3zaIcaOhLVL6SxyhB4vR/wad77HVJ9dG/ZyLZ6tQ==",
          "requires": {
            "@types/node": "^10.5.1",
            "@types/tape": "^4.2.32",
            "quickselect": "^1.0.0"
          }
        }
      }
    },
    "slide-along-wall": {
      "version": "0.0.3",
      "resolved": "https://registry.npmjs.org/slide-along-wall/-/slide-along-wall-0.0.3.tgz",
      "integrity": "sha512-268jdW4bS6/uuvmKpIp8KoTEtd30ZdXDMgQYvVyxjplPz7XRZcrQcuUXY5hn4DCkmOBpxDbXLUNA3xjpoQv3jQ==",
      "requires": {
        "raycasting-utils": "0.0.16"
      }
    }
  }
}
