{
  "name": "ascii-raytracer",
  "version": "0.0.112",
  "lockfileVersion": 1,
  "requires": true,
  "dependencies": {
    "@types/node": {
      "version": "10.17.60",
      "resolved": "https://registry.npmjs.org/@types/node/-/node-10.17.60.tgz",
      "integrity": "sha512-F0KIgDJfy2nA3zMLmWGKxcH2ZVEtCZXHHdOQs2gSaQ27+lNeEfGxzkIw90aXswATX7AZ33tahPbzy6KAfUreVw=="
    },
    "@types/tape": {
      "version": "4.13.2",
      "resolved": "https://registry.npmjs.org/@types/tape/-/tape-4.13.2.tgz",
      "integrity": "sha512-V1ez/RtYRGN9cNYApw5xf27DpMkTB0033X6a2i3KUmKhSojBfbWN0i3EgZxboUG96WJLHLdOyZ01aiZwVW5aSA==",
      "requires": {
        "@types/node": "*"
      }
    },
    "bvh-tree-plus": {
      "version": "1.0.2",
      "resolved": "https://registry.npmjs.org/bvh-tree-plus/-/bvh-tree-plus-1.0.2.tgz",
      "integrity": "sha512-xXle5tl98zzolh5o7wEMizE5a5/rQ4dx3lp71u9yCaftuOaXaGoJfn5Z/EuPAw8YdK9yicrsaO2yty3ij+v8ZA=="
    },
    "gl-vec3": {
      "version": "1.1.3",
      "resolved": "https://registry.npmjs.org/gl-vec3/-/gl-vec3-1.1.3.tgz",
      "integrity": "sha512-jduKUqT0SGH02l8Yl+mV1yVsDfYgQAJyXGxkJQGyxPLHRiW25DwVIRPt6uvhrEMHftJfqhqKthRcyZqNEl9Xdw=="
    },
    "maze": {
      "version": "0.1.0",
      "resolved": "https://registry.npmjs.org/maze/-/maze-0.1.0.tgz",
      "integrity": "sha512-qU+Adbcidbt7yVzSoPwTYuOLWW+xDtFp38AKimpJpzn3Ob4DZNRk34Ry+7YN6ETlEI/mgEhgVPU+AxxV7uKA7Q=="
    },
    "maze-generator": {
      "version": "0.1.2",
      "resolved": "https://registry.npmjs.org/maze-generator/-/maze-generator-0.1.2.tgz",
      "integrity": "sha1-J/akp8R84Rr1x9Gsn2PyM4Tfbgg="
    },
    "merge-boxes": {
      "version": "0.0.1",
      "resolved": "https://registry.npmjs.org/merge-boxes/-/merge-boxes-0.0.1.tgz",
      "integrity": "sha512-HABvc3oxX2f91mrzbRCGt6y6J8oV7Sm3WV9Kk1O48bHjlTRUH+ddtu6TqO3rzi+P8lgmeQizS0rQ3QI9LDWFAA=="
    },
    "quickselect": {
      "version": "1.1.1",
      "resolved": "https://registry.npmjs.org/quickselect/-/quickselect-1.1.1.tgz",
      "integrity": "sha512-qN0Gqdw4c4KGPsBOQafj6yj/PA6c/L63f6CaZ/DCF/xF4Esu3jVmKLUDYxghFx8Kb/O7y9tI7x2RjTSXwdK1iQ=="
    },
    "ray-triangle-intersection": {
      "version": "1.0.3",
      "resolved": "https://registry.npmjs.org/ray-triangle-intersection/-/ray-triangle-intersection-1.0.3.tgz",
      "integrity": "sha1-jqjy84NYC9q9NvXlE1nPceEHTTQ=",
      "requires": {
        "gl-vec3": "^1.0.2"
      }
    },
    "rbush-3d": {
      "version": "0.0.4",
      "resolved": "https://registry.npmjs.org/rbush-3d/-/rbush-3d-0.0.4.tgz",
      "integrity": "sha512-s02wJ4Oawn3xdfIUN1hO+dhIcI3zL4vFs+yTlFn/U1jpHh3zaIcaOhLVL6SxyhB4vR/wad77HVJ9dG/ZyLZ6tQ==",
      "requires": {
        "@types/node": "^10.5.1",
        "@types/tape": "^4.2.32",
        "quickselect": "^1.0.0"
      }
    },
    "split": {
      "version": "0.3.3",
      "resolved": "https://registry.npmjs.org/split/-/split-0.3.3.tgz",
      "integrity": "sha1-zQ7qXmOiEd//frDwkcQTPi0N0o8=",
      "requires": {
        "through": "2"
      }
    },
    "stl": {
      "version": "1.1.1",
      "resolved": "https://registry.npmjs.org/stl/-/stl-1.1.1.tgz",
      "integrity": "sha1-0q8fjfs8Z0UPxpC7d+hTqlhQoCs=",
      "requires": {
        "split": "^0.3.0",
        "stream-fsm": "^0.3.1",
        "triangle-normal": "0.0.0"
      }
    },
    "stream-fsm": {
      "version": "0.3.1",
      "resolved": "https://registry.npmjs.org/stream-fsm/-/stream-fsm-0.3.1.tgz",
      "integrity": "sha1-AeJPo0FmvxSTofJq79SDzxw0MQo=",
      "requires": {
        "through": "~2.1.0"
      },
      "dependencies": {
        "through": {
          "version": "2.1.0",
          "resolved": "https://registry.npmjs.org/through/-/through-2.1.0.tgz",
          "integrity": "sha1-68rkh0X/2giK1rii/iDvPOjuG80="
        }
      }
    },
    "through": {
      "version": "2.3.8",
      "resolved": "https://registry.npmjs.org/through/-/through-2.3.8.tgz",
      "integrity": "sha1-DdTJ/6q8NXlgsbckEV1+Doai4fU="
    },
    "triangle-distance": {
      "version": "1.0.11",
      "resolved": "https://registry.npmjs.org/triangle-distance/-/triangle-distance-1.0.11.tgz",
      "integrity": "sha512-r3TzcKXkwupxRAP1xNRFYrdzMIbdOmnAHsHkwOxsNJJzK+srnzN7i5XYKWxetidgh0w9zzw85puaHHLd1ct7cA=="
    },
    "triangle-normal": {
      "version": "0.0.0",
      "resolved": "https://registry.npmjs.org/triangle-normal/-/triangle-normal-0.0.0.tgz",
      "integrity": "sha1-tnx6fIeleDR8HZcBMyb1oIKwaTc="
    }
  }
}
