{
  "name": "list-of-stocks-profiles",
  "version": "0.0.011",
  "lockfileVersion": 1,
  "requires": true,
  "dependencies": {
    "base64-js": {
      "version": "1.5.1",
      "resolved": "https://registry.npmjs.org/base64-js/-/base64-js-1.5.1.tgz",
      "integrity": "sha512-AKpaYlHn8t4SVbOHCy+b5+KKgvR4vrsD8vbvrbiQJps7fKDTkjkDry6ji0rUJjC0kzbNePLwzxq8iypo41qeWA=="
    },
    "brotli": {
      "version": "1.3.3",
      "resolved": "https://registry.npmjs.org/brotli/-/brotli-1.3.3.tgz",
      "integrity": "sha512-oTKjJdShmDuGW94SyyaoQvAjf30dZaHnjJ8uAF+u2/vGJkJbJPJAT1gDiOJP5v1Zb6f9KEyW/1HpuaWIXtGHPg==",
      "requires": {
        "base64-js": "^1.1.2"
      }
    },
    "json-shrink": {
      "version": "0.0.124",
      "resolved": "https://registry.npmjs.org/json-shrink/-/json-shrink-0.0.124.tgz",
      "integrity": "sha512-cu395Hhex/FkhhFmlgwJG2jZUI5gRvrkU8oX3CbM1ZDSbtBz1b7XEjBB6QmhbeNwvY1w9hcH1oXWFuajuF1YAQ==",
      "requires": {
        "brotli": "^1.3.2",
        "jsonpack": "^1.1.5",
        "lzma": "^2.3.2"
      }
    },
    "jsonfile-compressed-brotli": {
      "version": "0.0.117",
      "resolved": "https://registry.npmjs.org/jsonfile-compressed-brotli/-/jsonfile-compressed-brotli-0.0.117.tgz",
      "integrity": "sha512-6n34aRFjWdOeFBTcVPMTuItbq//TZPTw+ziVLlnTN0AofKTfRfx2PXKlHIx7dwRxg9Ilp3dSG5SjWt11435G+A==",
      "requires": {
        "json-shrink": "0.0.124"
      }
    },
    "jsonpack": {
      "version": "1.1.5",
      "resolved": "https://registry.npmjs.org/jsonpack/-/jsonpack-1.1.5.tgz",
      "integrity": "sha512-d2vwomK605ks7Q+uCpbwGyoIF5j+UZuJjlYcugISBt3CxM+eBo/W6y63yVPIyIvbYON+pvJYsYZjCYbzqJj/xQ=="
    },
    "lzma": {
      "version": "2.3.2",
      "resolved": "https://registry.npmjs.org/lzma/-/lzma-2.3.2.tgz",
      "integrity": "sha512-DcfiawQ1avYbW+hsILhF38IKAlnguc/fjHrychs9hdxe4qLykvhT5VTGNs5YRWgaNePh7NTxGD4uv4gKsRomCQ=="
    }
  }
}
