{
  "name": "triangles-mesh-renderer",
  "version": "0.0.024",
  "lockfileVersion": 1,
  "requires": true,
  "dependencies": {
    "@types/node": {
      "version": "10.17.60",
      "resolved": "https://registry.npmjs.org/@types/node/-/node-10.17.60.tgz",
      "integrity": "sha512-F0KIgDJfy2nA3zMLmWGKxcH2ZVEtCZXHHdOQs2gSaQ27+lNeEfGxzkIw90aXswATX7AZ33tahPbzy6KAfUreVw=="
    },
    "@types/tape": {
      "version": "4.13.2",
      "resolved": "https://registry.npmjs.org/@types/tape/-/tape-4.13.2.tgz",
      "integrity": "sha512-V1ez/RtYRGN9cNYApw5xf27DpMkTB0033X6a2i3KUmKhSojBfbWN0i3EgZxboUG96WJLHLdOyZ01aiZwVW5aSA==",
      "requires": {
        "@types/node": "*"
      }
    },
    "barycentric-coordinates": {
      "version": "0.0.5",
      "resolved": "https://registry.npmjs.org/barycentric-coordinates/-/barycentric-coordinates-0.0.5.tgz",
      "integrity": "sha512-+oRsctsWSvtcydecjKT5GLY4G+yCvDfOUQeF/7qduxUZQMlsp5jabDN2wayAdSW9fxyjOEDfs3US7cwiuYoSfQ=="
    },
    "bitey": {
      "version": "0.0.1",
      "resolved": "https://registry.npmjs.org/bitey/-/bitey-0.0.1.tgz",
      "integrity": "sha512-lPz87MgWxTDcsnxt/vHxMV3ZoY+29pKZvvAdnGsgmcddWO2Lxrs90Sb+ZQX8LqnEj7PDGhImkbhYKKJjtNPFnA=="
    },
    "box-frustum": {
      "version": "0.0.0",
      "resolved": "https://registry.npmjs.org/box-frustum/-/box-frustum-0.0.0.tgz",
      "integrity": "sha1-ssCXl6yWQlkNMLyhikTCb7B71AY="
    },
    "bresenham": {
      "version": "0.0.4",
      "resolved": "https://registry.npmjs.org/bresenham/-/bresenham-0.0.4.tgz",
      "integrity": "sha1-FX/1y2NAucVK3Tt2XFCGnox1kZM="
    },
    "bvh-tree-plus": {
      "version": "1.0.2",
      "resolved": "https://registry.npmjs.org/bvh-tree-plus/-/bvh-tree-plus-1.0.2.tgz",
      "integrity": "sha512-xXle5tl98zzolh5o7wEMizE5a5/rQ4dx3lp71u9yCaftuOaXaGoJfn5Z/EuPAw8YdK9yicrsaO2yty3ij+v8ZA=="
    },
    "chance": {
      "version": "1.1.8",
      "resolved": "https://registry.npmjs.org/chance/-/chance-1.1.8.tgz",
      "integrity": "sha512-v7fi5Hj2VbR6dJEGRWLmJBA83LJMS47pkAbmROFxHWd9qmE1esHRZW8Clf1Fhzr3rjxnNZVCjOEv/ivFxeIMtg=="
    },
    "draw-pixel-text": {
      "version": "0.0.13",
      "resolved": "https://registry.npmjs.org/draw-pixel-text/-/draw-pixel-text-0.0.13.tgz",
      "integrity": "sha512-/0TphBRXEH1gxLba4TOTLlGNkKs4nO5rNYFwCcuHzVKBN24lZsXFks3bGIzj0x7afScw6GARszErwDp2UjD+Jg==",
      "requires": {
        "simple-bitmap-font": "0.0.122"
      }
    },
    "first-person-camera": {
      "version": "1.1.0",
      "resolved": "https://registry.npmjs.org/first-person-camera/-/first-person-camera-1.1.0.tgz",
      "integrity": "sha1-Iw42GgLK/dyZc07jdy3dBha8EtE=",
      "requires": {
        "gl-mat4": "^1.1.2",
        "gl-vec3": "^1.0.3"
      }
    },
    "generate-heightmap-mesh": {
      "version": "0.0.14",
      "resolved": "https://registry.npmjs.org/generate-heightmap-mesh/-/generate-heightmap-mesh-0.0.14.tgz",
      "integrity": "sha512-qMGlXA6hGFdxaHirBKoWpTc86+5OTyktBxT+B27VRfzzM2MF0UYLkV+Hl34NRqqV1erlWJN2iJA3BkyHobj8cA==",
      "requires": {
        "simplex-noise": "^3.0.1",
        "simplify-triangles": "0.0.15"
      }
    },
    "gl-mat4": {
      "version": "1.2.0",
      "resolved": "https://registry.npmjs.org/gl-mat4/-/gl-mat4-1.2.0.tgz",
      "integrity": "sha512-sT5C0pwB1/e9G9AvAoLsoaJtbMGjfd/jfxo8jMCKqYYEnjZuFvqV5rehqar0538EmssjdDeiEWnKyBSTw7quoA=="
    },
    "gl-matrix": {
      "version": "3.4.3",
      "resolved": "https://registry.npmjs.org/gl-matrix/-/gl-matrix-3.4.3.tgz",
      "integrity": "sha512-wcCp8vu8FT22BnvKVPjXa/ICBWRq/zjFfdofZy1WSpQZpphblv12/bOQLBC1rMM7SGOFS9ltVmKOHil5+Ml7gA=="
    },
    "gl-vec3": {
      "version": "1.1.3",
      "resolved": "https://registry.npmjs.org/gl-vec3/-/gl-vec3-1.1.3.tgz",
      "integrity": "sha512-jduKUqT0SGH02l8Yl+mV1yVsDfYgQAJyXGxkJQGyxPLHRiW25DwVIRPt6uvhrEMHftJfqhqKthRcyZqNEl9Xdw=="
    },
    "icosphere": {
      "version": "1.0.0",
      "resolved": "https://registry.npmjs.org/icosphere/-/icosphere-1.0.0.tgz",
      "integrity": "sha1-glFVXUN9ueq8aI+IEktoow+oRxA=",
      "requires": {
        "vectors": "^0.1.0"
      }
    },
    "image-dilate": {
      "version": "0.0.114",
      "resolved": "https://registry.npmjs.org/image-dilate/-/image-dilate-0.0.114.tgz",
      "integrity": "sha512-tsTcbWBmOWkbAHSDgIMb7CmT34+9OwoBA3rGJ+j+XTcEeZIpqOHU9Lgb2N4d5bskGRo9f5ApNvcVb9uJcTksQQ=="
    },
    "image-sync": {
      "version": "0.0.11",
      "resolved": "https://registry.npmjs.org/image-sync/-/image-sync-0.0.11.tgz",
      "integrity": "sha512-y6AIYvi8AMrAhoKn3gcypmhT+iGGl3sxqhfj4akFnxjq51vhPaj3sawEr/N2sY9yN9+Qy72VcaGuQoQlGjXYIg==",
      "dev": true
    },
    "marching-cubes-faster": {
      "version": "0.0.15",
      "resolved": "https://registry.npmjs.org/marching-cubes-faster/-/marching-cubes-faster-0.0.15.tgz",
      "integrity": "sha512-0aEELlzCpsr6c1bnMnwkznPOhRetmobp9x3Y/vMvZku3dmNUp9ckfQFPwPk8B6nuOY2PrclP6abm0OjBxVkrSA==",
      "requires": {
        "rbush-3d": "0.0.4",
        "round-cone-distance": "^1.0.11",
        "tetrahedron-distance": "0.0.21",
        "triangle-distance": "^1.0.11"
      }
    },
    "mesh-simplifier": {
      "version": "1.0.0",
      "resolved": "https://registry.npmjs.org/mesh-simplifier/-/mesh-simplifier-1.0.0.tgz",
      "integrity": "sha512-OjR/2bLnjpXMrqSCMJhSM7kvs4nh1viTUO/Idycv1Ezki4ul+jniW15kK9J96mkhx/MtpbDc7OewVnR2OoV7MQ=="
    },
    "mesh-to-skeleton": {
      "version": "0.0.5",
      "resolved": "https://registry.npmjs.org/mesh-to-skeleton/-/mesh-to-skeleton-0.0.5.tgz",
      "integrity": "sha512-r2ZjAlDyBgHruUYZzCvlUqWxPel8ezZIOPBPypYPj/E8AunyqvmfH23PmjVBgPtb3VbWXB9aximRLHA7uz2tTQ==",
      "requires": {
        "raycasting-utils": "0.0.18",
        "triangles-mesh-random-pts": "0.0.2"
      },
      "dependencies": {
        "raycasting-utils": {
          "version": "0.0.18",
          "resolved": "https://registry.npmjs.org/raycasting-utils/-/raycasting-utils-0.0.18.tgz",
          "integrity": "sha512-gnmDj0K6eG57El896toXLdbgO+CDd1HhYWHMBqg7sSaFIhek8+Blbk3tfJhuXPavLFUzYOYI7G1Qos8y7l6GnQ==",
          "requires": {
            "bvh-tree-plus": "^1.0.2",
            "rbush-3d": "0.0.4"
          }
        }
      }
    },
    "mesh-to-spheres": {
      "version": "0.0.3",
      "resolved": "https://registry.npmjs.org/mesh-to-spheres/-/mesh-to-spheres-0.0.3.tgz",
      "integrity": "sha512-ND7B18abafAnmYB951nOGcYatKFjtuyu3AWyK+QREZ/n591wkjnY1QjNCGvt4zdflx+eM4NLvg9EWfb4x/Rtcw==",
      "requires": {
        "mesh-to-skeleton": "0.0.5"
      }
    },
    "mesh-to-tetrahedra": {
      "version": "0.0.12",
      "resolved": "https://registry.npmjs.org/mesh-to-tetrahedra/-/mesh-to-tetrahedra-0.0.12.tgz",
      "integrity": "sha512-UW8kGU8Wn9XP3skju13LgHDzR5bp/SszYve8mvA+B3KPoBv6Yt/e/ltPjB+0KZcEMUrxD8x1LKOLhSPD0o66aQ==",
      "requires": {
        "mesh-to-skeleton": "0.0.5",
        "triangles-index": "0.0.4"
      }
    },
    "normals": {
      "version": "1.1.0",
      "resolved": "https://registry.npmjs.org/normals/-/normals-1.1.0.tgz",
      "integrity": "sha1-MltZXtNK/kZ6bFWhT9kIV4f/WcA="
    },
    "pixel-scale-epx": {
      "version": "0.0.128",
      "resolved": "https://registry.npmjs.org/pixel-scale-epx/-/pixel-scale-epx-0.0.128.tgz",
      "integrity": "sha512-vdASbDZmW185ofBesQkYgNLE6DIYoKgrFeOAe3bJD7HPkEUeu4dpKbtDa7EVkZm2X2Cv03RJiiz8+CDpawwLNg=="
    },
    "quickselect": {
      "version": "1.1.1",
      "resolved": "https://registry.npmjs.org/quickselect/-/quickselect-1.1.1.tgz",
      "integrity": "sha512-qN0Gqdw4c4KGPsBOQafj6yj/PA6c/L63f6CaZ/DCF/xF4Esu3jVmKLUDYxghFx8Kb/O7y9tI7x2RjTSXwdK1iQ=="
    },
    "raycasting-utils": {
      "version": "0.0.16",
      "resolved": "https://registry.npmjs.org/raycasting-utils/-/raycasting-utils-0.0.16.tgz",
      "integrity": "sha512-zkzNDu4EpsezZgL12WxH8+9u2CVF9b3h5cO8tgjBtBQWZH3uzD5hngE1cJDBGiaMskyhATD0FQaH1r/Qj1ccAA==",
      "requires": {
        "bvh-tree-plus": "^1.0.2",
        "rbush-3d": "0.0.4"
      }
    },
    "rbush-3d": {
      "version": "0.0.4",
      "resolved": "https://registry.npmjs.org/rbush-3d/-/rbush-3d-0.0.4.tgz",
      "integrity": "sha512-s02wJ4Oawn3xdfIUN1hO+dhIcI3zL4vFs+yTlFn/U1jpHh3zaIcaOhLVL6SxyhB4vR/wad77HVJ9dG/ZyLZ6tQ==",
      "requires": {
        "@types/node": "^10.5.1",
        "@types/tape": "^4.2.32",
        "quickselect": "^1.0.0"
      }
    },
    "round-cone-distance": {
      "version": "1.0.11",
      "resolved": "https://registry.npmjs.org/round-cone-distance/-/round-cone-distance-1.0.11.tgz",
      "integrity": "sha512-xpixiKCAvg24ClI6Rpoxc2saftBSgDaM2J29iw4RthnjnmY4uhy5EYsscbMieJhaN8HMTomrCKQu5UgCdTWQHQ=="
    },
    "simple-bitmap-font": {
      "version": "0.0.122",
      "resolved": "https://registry.npmjs.org/simple-bitmap-font/-/simple-bitmap-font-0.0.122.tgz",
      "integrity": "sha512-ufPpHDm3OiNarB2OKh5Qc8UCbGJLywlMk+we1Z6Ev9VEjPVqHfC3pMb+/RBGkHsU1KY4f4LuGRjSC2fotcDESw=="
    },
    "simplex-noise": {
      "version": "3.0.1",
      "resolved": "https://registry.npmjs.org/simplex-noise/-/simplex-noise-3.0.1.tgz",
      "integrity": "sha512-eww0SFiWLyOaUKQMJ7gbdvQJvULeJdM/Y4BiC3rrOQnYHo+MSPh465/qeXSZkpTdB9/HthumpnYD3DobZweBBQ=="
    },
    "simplify-triangles": {
      "version": "0.0.15",
      "resolved": "https://registry.npmjs.org/simplify-triangles/-/simplify-triangles-0.0.15.tgz",
      "integrity": "sha512-hFARdOx6XfmOpxFEdTMb7bHQ7DD8tTNz4Se6K9VU7mZs68epAfJHJya+eCmcOMUKTU881103rm8ecGDPrIKDoA==",
      "requires": {
        "mesh-simplifier": "^1.0.0",
        "stl": "^1.1.1",
        "three": "0.112.0"
      }
    },
    "slide-along-wall": {
      "version": "0.0.1",
      "resolved": "https://registry.npmjs.org/slide-along-wall/-/slide-along-wall-0.0.1.tgz",
      "integrity": "sha512-yMeyEzbAs9WSyZd2AD6sWeKfcNL4KeCgmXeXMW6SRWjyWVLOeg6ZqndskL4jpQxMoW1m+adubpr0kN2IEnERZw==",
      "requires": {
        "raycasting-utils": "0.0.16"
      }
    },
    "split": {
      "version": "0.3.3",
      "resolved": "https://registry.npmjs.org/split/-/split-0.3.3.tgz",
      "integrity": "sha1-zQ7qXmOiEd//frDwkcQTPi0N0o8=",
      "requires": {
        "through": "2"
      }
    },
    "stl": {
      "version": "1.1.1",
      "resolved": "https://registry.npmjs.org/stl/-/stl-1.1.1.tgz",
      "integrity": "sha1-0q8fjfs8Z0UPxpC7d+hTqlhQoCs=",
      "requires": {
        "split": "^0.3.0",
        "stream-fsm": "^0.3.1",
        "triangle-normal": "0.0.0"
      }
    },
    "stream-fsm": {
      "version": "0.3.1",
      "resolved": "https://registry.npmjs.org/stream-fsm/-/stream-fsm-0.3.1.tgz",
      "integrity": "sha1-AeJPo0FmvxSTofJq79SDzxw0MQo=",
      "requires": {
        "through": "~2.1.0"
      },
      "dependencies": {
        "through": {
          "version": "2.1.0",
          "resolved": "https://registry.npmjs.org/through/-/through-2.1.0.tgz",
          "integrity": "sha1-68rkh0X/2giK1rii/iDvPOjuG80="
        }
      }
    },
    "tetrahedron-distance": {
      "version": "0.0.21",
      "resolved": "https://registry.npmjs.org/tetrahedron-distance/-/tetrahedron-distance-0.0.21.tgz",
      "integrity": "sha512-8I95osVRiQrEjErouAt1d6jDAgVAFsUVLXPMsGkKjsO9dUQnJc+IjoQC7hsGLTDfM5uBP3qR78/rLDTcd9x9Mw=="
    },
    "three": {
      "version": "0.112.0",
      "resolved": "https://registry.npmjs.org/three/-/three-0.112.0.tgz",
      "integrity": "sha512-dX2fm4kmpaEq3A8sMGOBZzI5X132Lzoh+Aw/uFF3iGXnjM0jzxo5vugDbydTQbWU2I31XC1Nn7kIPdyhxx1uqg=="
    },
    "through": {
      "version": "2.3.8",
      "resolved": "https://registry.npmjs.org/through/-/through-2.3.8.tgz",
      "integrity": "sha1-DdTJ/6q8NXlgsbckEV1+Doai4fU="
    },
    "triangle-area-fast": {
      "version": "0.0.24",
      "resolved": "https://registry.npmjs.org/triangle-area-fast/-/triangle-area-fast-0.0.24.tgz",
      "integrity": "sha512-b9IkmN0ub51flpk6n3mEMNOuHi+BwNNnxs8EjiSq1LJ2ZlWnX8Y3LHI4C/XK97OYb/pqJDPOeRtKBAG/oIoIAA=="
    },
    "triangle-distance": {
      "version": "1.0.11",
      "resolved": "https://registry.npmjs.org/triangle-distance/-/triangle-distance-1.0.11.tgz",
      "integrity": "sha512-r3TzcKXkwupxRAP1xNRFYrdzMIbdOmnAHsHkwOxsNJJzK+srnzN7i5XYKWxetidgh0w9zzw85puaHHLd1ct7cA=="
    },
    "triangle-draw": {
      "version": "0.0.26",
      "resolved": "https://registry.npmjs.org/triangle-draw/-/triangle-draw-0.0.26.tgz",
      "integrity": "sha512-a++I9Fo3LhCL3kY/MFArjUVYrJfJY9xXmiarqQHphi6mUTkr32rBqwYCxa44JMujvip8CXC14OMkRLfqs9vbLw==",
      "requires": {
        "barycentric-coordinates": "0.0.6",
        "bresenham": "0.0.4"
      },
      "dependencies": {
        "barycentric-coordinates": {
          "version": "0.0.6",
          "resolved": "https://registry.npmjs.org/barycentric-coordinates/-/barycentric-coordinates-0.0.6.tgz",
          "integrity": "sha512-VC42fKMpCOlroLwLzb/KUtYGjlg4LmU717BXX3mSIYdkn9PB9Bhv29KObf/3naBm7rvD85XlgHTH3bc4o4ANLA=="
        }
      }
    },
    "triangle-normal": {
      "version": "0.0.0",
      "resolved": "https://registry.npmjs.org/triangle-normal/-/triangle-normal-0.0.0.tgz",
      "integrity": "sha1-tnx6fIeleDR8HZcBMyb1oIKwaTc="
    },
    "triangle-random-pts": {
      "version": "0.0.11",
      "resolved": "https://registry.npmjs.org/triangle-random-pts/-/triangle-random-pts-0.0.11.tgz",
      "integrity": "sha512-UVRhPnsw3II/m2uye9Bf/Y64vm0fW+pL+f8Wc9lEoFee3BBvpaBDAWV/GXX7P+MpSlKlfIgcqv/7XBL0PYPOIw=="
    },
    "triangles-index": {
      "version": "0.0.4",
      "resolved": "https://registry.npmjs.org/triangles-index/-/triangles-index-0.0.4.tgz",
      "integrity": "sha512-tfBodnFg6qf5AXKxfT0y+8Ar90zDALwmOCujt17jfqQ5mu6cGVECG6tpUUK4ZcShj9Ux9+NyKQXNnsgvSwdrtA=="
    },
    "triangles-mesh-random-pts": {
      "version": "0.0.2",
      "resolved": "https://registry.npmjs.org/triangles-mesh-random-pts/-/triangles-mesh-random-pts-0.0.2.tgz",
      "integrity": "sha512-z13fmSUV8TgQODMyl+A8yciAzccAOWoErn/S82YrZp3hJgQvOD1w8ro/3byGrh6f20gMPaXWq9BUwsC62iYa/g==",
      "requires": {
        "barycentric-coordinates": "0.0.3",
        "chance": "^1.1.8",
        "normals": "^1.1.0",
        "triangle-area-fast": "0.0.24",
        "triangle-random-pts": "0.0.11",
        "triangles-index": "0.0.3"
      },
      "dependencies": {
        "barycentric-coordinates": {
          "version": "0.0.3",
          "resolved": "https://registry.npmjs.org/barycentric-coordinates/-/barycentric-coordinates-0.0.3.tgz",
          "integrity": "sha512-1n2I4QBj6dhNh46eS80kKcaBoixvhelcZs+bE8im5i6QaTMpqVIIITLZ50cWSqbYqsZ0sAxR1dXIpdHfTHDH2A=="
        },
        "triangles-index": {
          "version": "0.0.3",
          "resolved": "https://registry.npmjs.org/triangles-index/-/triangles-index-0.0.3.tgz",
          "integrity": "sha512-AJYAx8jE6JfJot1dUEOmthX+noLeu3xWVarh/rWgn10e33Ffm/z9Dvi92iU49p1dIDJN2PlaQ0bS8L051CyAcA=="
        }
      }
    },
    "vectors": {
      "version": "0.1.0",
      "resolved": "https://registry.npmjs.org/vectors/-/vectors-0.1.0.tgz",
      "integrity": "sha1-UD+7m4BEZBJqiOqKx5mSUXmOqFQ="
    }
  }
}
