{
  "name": "triangle-draw",
  "version": "0.0.28",
  "lockfileVersion": 1,
  "requires": true,
  "dependencies": {
    "barycentric-coordinates": {
      "version": "0.0.6",
      "resolved": "https://registry.npmjs.org/barycentric-coordinates/-/barycentric-coordinates-0.0.6.tgz",
      "integrity": "sha512-VC42fKMpCOlroLwLzb/KUtYGjlg4LmU717BXX3mSIYdkn9PB9Bhv29KObf/3naBm7rvD85XlgHTH3bc4o4ANLA=="
    }
  }
}
