{
  "name": "kde-simple",
  "version": "0.0.012",
  "lockfileVersion": 3,
  "requires": true,
  "packages": {
    "": {
      "name": "kde-simple",
      "version": "0.0.012",
      "license": "CC0-1.0",
      "dependencies": {
        "histogram-simple": "^0.0.112"
      }
    },
    "node_modules/histogram-simple": {
      "version": "0.0.112",
      "resolved": "https://registry.npmjs.org/histogram-simple/-/histogram-simple-0.0.112.tgz",
      "integrity": "sha512-r/DvVd0Q6DvRt8SXPlKRq460TYgHhTyvKrELKnyq8p18RbQtbqB9P2C4AStDVxQYLjgAlYzcwNbfhOBX9K3rdg=="
    }
  }
}
