{
  "name": "triangles-mesh-viewer-sdl-regl",
  "version": "0.0.011",
  "lockfileVersion": 1,
  "requires": true,
  "dependencies": {
    "bvh-aabbs": {
      "version": "0.0.11",
      "resolved": "https://registry.npmjs.org/bvh-aabbs/-/bvh-aabbs-0.0.11.tgz",
      "integrity": "sha512-HjtIZHJy62QsDwtNmZkECd9NHd/UYuve8GkGuGyA+W/FRId6YU5NUmB/gRIGOUbB7p8aAkXIFwnpP2NmNTQHQQ=="
    },
    "triangles-index": {
      "version": "0.0.42",
      "resolved": "https://registry.npmjs.org/triangles-index/-/triangles-index-0.0.42.tgz",
      "integrity": "sha512-5xXjPACgw9eG42gTvjWtAIkoszzJ5p2Ek2Xp13yGAeRYzDf5vL1R3jUYM8rZARpa4LdgklH0MO6zw0xNPJkoXQ=="
    }
  }
}
