{
  "name": "stock-market-clock",
  "version": "0.0.0115",
  "lockfileVersion": 3,
  "requires": true,
  "packages": {
    "": {
      "name": "stock-market-clock",
      "version": "0.0.0115",
      "license": "MIT",
      "dependencies": {
        "@date/holidays-us": "^0.4.0",
        "fincal": "^1.0.6",
        "moment-business-days": "^1.2.0"
      }
    },
    "node_modules/@date/generator": {
      "version": "0.2.0",
      "resolved": "https://registry.npmjs.org/@date/generator/-/generator-0.2.0.tgz",
      "integrity": "sha512-ZgVHRepUkP/VVUI27ksbFGrJM4jiikef/I9nx1+hNKiFxnbkFG852xN85lsMf/7OqY3+5rsicKrgQuDWA0/ggQ==",
      "engines": {
        "node": ">=6"
      }
    },
    "node_modules/@date/holidays": {
      "version": "0.3.2",
      "resolved": "https://registry.npmjs.org/@date/holidays/-/holidays-0.3.2.tgz",
      "integrity": "sha512-6lFrYLn394nNiCfDWGOyZ//Kff2AIxTYmiq2MZdaFDW5X4O27BnxGVjoQsyNdA6De3+k9ij9kyKbjZKPm40g1Q==",
      "dependencies": {
        "@flatten/array": "^1.1.7"
      },
      "engines": {
        "node": ">=6"
      }
    },
    "node_modules/@date/holidays-us": {
      "version": "0.4.0",
      "resolved": "https://registry.npmjs.org/@date/holidays-us/-/holidays-us-0.4.0.tgz",
      "integrity": "sha512-0IHhlOgLMa4+XFWhLRU5jY0msPPX8TWNBAQ3ycqqCIWT6pzz/QyPUsVMn3kAoNxD8DqbkYwtLun876vhlELACw==",
      "dependencies": {
        "@date/generator": "^0.2.0",
        "@date/holidays": "^0.3.2"
      },
      "engines": {
        "node": ">=6"
      }
    },
    "node_modules/@flatten/array": {
      "version": "1.1.8",
      "resolved": "https://registry.npmjs.org/@flatten/array/-/array-1.1.8.tgz",
      "integrity": "sha512-6zP/OIuGkE+p7jdS0VwyqHoCjK0cuCsO+StkBEV1eHQ40m/A6o2+NnRB6G9h+OnYV4C4o8mZakWY56QUrsM6fA==",
      "engines": {
        "node": ">=4"
      }
    },
    "node_modules/fincal": {
      "version": "1.0.6",
      "resolved": "https://registry.npmjs.org/fincal/-/fincal-1.0.6.tgz",
      "integrity": "sha512-U6ckpZkVLUnrgRlSOXSTwmeKbT/5ARw0NspM6o/2KZRLvUAcsDqv1Ra52uhFVI9b0NKxF/IgmfQyHS/k5PWR8g==",
      "dependencies": {
        "moment-timezone": "^0.4.1",
        "sugar": "^1.5.0"
      }
    },
    "node_modules/moment": {
      "version": "2.29.4",
      "resolved": "https://registry.npmjs.org/moment/-/moment-2.29.4.tgz",
      "integrity": "sha512-5LC9SOxjSc2HF6vO2CyuTDNivEdoz2IvyJJGj6X8DJ0eFyfszE0QiEd+iXmBvUP3WHxSjFH/vIsA0EN00cgr8w==",
      "engines": {
        "node": "*"
      }
    },
    "node_modules/moment-business-days": {
      "version": "1.2.0",
      "resolved": "https://registry.npmjs.org/moment-business-days/-/moment-business-days-1.2.0.tgz",
      "integrity": "sha512-QJlceLfMSxy/jZSOgJYCKeKw+qGYHj8W0jMa/fYruyoJ85+bJuLRiYv5DIaflyuRipmYRfD4kDlSwVYteLN+Jw==",
      "peerDependencies": {
        "moment": "2.x.x"
      }
    },
    "node_modules/moment-timezone": {
      "version": "0.4.1",
      "resolved": "https://registry.npmjs.org/moment-timezone/-/moment-timezone-0.4.1.tgz",
      "integrity": "sha512-5cNPVUwaVJDCe9JM8m/qz17f9SkaI8rpnRUyDJi2K5HAd6EwhuQ3n5nLclZkNC/qJnomKgQH2TIu70Gy2dxFKA==",
      "dependencies": {
        "moment": ">= 2.6.0"
      },
      "engines": {
        "node": "*"
      }
    },
    "node_modules/sugar": {
      "version": "1.5.0",
      "resolved": "https://registry.npmjs.org/sugar/-/sugar-1.5.0.tgz",
      "integrity": "sha512-xEai/phz03MKVVPu9TijE8TQCVgjPxGXbv8bsUozCgB28amDBMvTdve2VPYaLG6fS+50lwx37dnvXDUYJcYe8g==",
      "engines": {
        "node": ">= 0.8.23"
      }
    }
  }
}
